<?xml version="1.0" encoding="utf-8"?>
<Project ToolsVersion="17.0" xmlns="http://schemas.microsoft.com/developer/msbuild/2003">
  <ItemGroup>
    <ClCompile Include="C:\Users\soumy\OneDrive\Desktop\invesalius3\plugins\remove_tiny_objects\count.cxx">
      <Filter>Source Files</Filter>
    </ClCompile>
  </ItemGroup>
  <ItemGroup>
    <CustomBuild Include="C:\Users\soumy\OneDrive\Desktop\invesalius3\CMakeFiles\06bcce335464eda7d4c357920ac15199\count.cxx.rule">
      <Filter>CMake Rules</Filter>
    </CustomBuild>
    <CustomBuild Include="C:\Users\soumy\OneDrive\Desktop\invesalius3\plugins\remove_tiny_objects\CMakeLists.txt" />
  </ItemGroup>
  <ItemGroup>
    <Filter Include="CMake Rules">
      <UniqueIdentifier>{8F1E2363-39DB-3D07-AADE-89FF2A6E4D45}</UniqueIdentifier>
    </Filter>
    <Filter Include="Source Files">
      <UniqueIdentifier>{B1122F73-8815-3EB2-B7DD-1F30B48551F7}</UniqueIdentifier>
    </Filter>
  </ItemGroup>
</Project>
