<?xml version="1.0" encoding="utf-8"?>
<Project ToolsVersion="17.0" xmlns="http://schemas.microsoft.com/developer/msbuild/2003">
  <ItemGroup>
    <CustomBuild Include="C:\Users\soumy\OneDrive\Desktop\invesalius3\CMakeFiles\543a87136303e16321bacb7876a5d504\INSTALL_force.rule">
      <Filter>CMake Rules</Filter>
    </CustomBuild>
  </ItemGroup>
  <ItemGroup>
    <Filter Include="CMake Rules">
      <UniqueIdentifier>{8F1E2363-39DB-3D07-AADE-89FF2A6E4D45}</UniqueIdentifier>
    </Filter>
  </ItemGroup>
</Project>
